
Microsoft Visual Studio Solution File, Format Version 12.00
# Visual Studio Version 17
VisualStudioVersion = 17.4.33110.190
MinimumVisualStudioVersion = 10.0.40219.1
Project("{FAE04EC0-301F-11D3-BF4B-00C04F79EFBC}") = "Trabalho Katia - 2Bim", "Trabalho Katia - 2Bim\Trabalho Katia - 2Bim.csproj", "{387E1931-1F3A-4ACD-AAA8-0345FD14E950}"
EndProject
Global
	GlobalSection(SolutionConfigurationPlatforms) = preSolution
		Debug|Any CPU = Debug|Any CPU
		Release|Any CPU = Release|Any CPU
	EndGlobalSection
	GlobalSection(ProjectConfigurationPlatforms) = postSolution
		{387E1931-1F3A-4ACD-AAA8-0345FD14E950}.Debug|Any CPU.ActiveCfg = Debug|Any CPU
		{387E1931-1F3A-4ACD-AAA8-0345FD14E950}.Debug|Any CPU.Build.0 = Debug|Any CPU
		{387E1931-1F3A-4ACD-AAA8-0345FD14E950}.Release|Any CPU.ActiveCfg = Release|Any CPU
		{387E1931-1F3A-4ACD-AAA8-0345FD14E950}.Release|Any CPU.Build.0 = Release|Any CPU
	EndGlobalSection
	GlobalSection(SolutionProperties) = preSolution
		HideSolutionNode = FALSE
	EndGlobalSection
	GlobalSection(ExtensibilityGlobals) = postSolution
		SolutionGuid = {48BBF9B6-5522-4B68-A783-4E3D41CB9163}
	EndGlobalSection
EndGlobal
